
Microsoft Visual Studio Solution File, Format Version 12.00
# Visual Studio 15
VisualStudioVersion = 15.0.27428.2037
MinimumVisualStudioVersion = 10.0.40219.1
Project("{FAE04EC0-301F-11D3-BF4B-00C04F79EFBC}") = "EFCoreUnitTesting", "EFCoreUnitTesting\EFCoreUnitTesting.csproj", "{ABFA8CCA-A96B-4F04-B03A-D84E0BAF5DAF}"
EndProject
Global
	GlobalSection(SolutionConfigurationPlatforms) = preSolution
		Debug|Any CPU = Debug|Any CPU
		Release|Any CPU = Release|Any CPU
	EndGlobalSection
	GlobalSection(ProjectConfigurationPlatforms) = postSolution
		{ABFA8CCA-A96B-4F04-B03A-D84E0BAF5DAF}.Debug|Any CPU.ActiveCfg = Debug|Any CPU
		{ABFA8CCA-A96B-4F04-B03A-D84E0BAF5DAF}.Debug|Any CPU.Build.0 = Debug|Any CPU
		{ABFA8CCA-A96B-4F04-B03A-D84E0BAF5DAF}.Release|Any CPU.ActiveCfg = Release|Any CPU
		{ABFA8CCA-A96B-4F04-B03A-D84E0BAF5DAF}.Release|Any CPU.Build.0 = Release|Any CPU
	EndGlobalSection
	GlobalSection(SolutionProperties) = preSolution
		HideSolutionNode = FALSE
	EndGlobalSection
	GlobalSection(ExtensibilityGlobals) = postSolution
		SolutionGuid = {4FF02AC9-D2E2-4AA3-91A6-A0015275CBE5}
	EndGlobalSection
EndGlobal
